// !$*UTF8*$!
{
	archiveVersion = 1;
	classes = {
	};
	objectVersion = 56;
	objects = {

/* Begin PBXBuildFile section */
		B22482042B94F05900EB8C38 /* WeatherApp.swift in Sources */ = {isa = PBXBuildFile; fileRef = B22482032B94F05900EB8C38 /* WeatherApp.swift */; };
		B22482062B94F05900EB8C38 /* WeatherView.swift in Sources */ = {isa = PBXBuildFile; fileRef = B22482052B94F05900EB8C38 /* WeatherView.swift */; };
		B22482082B94F05B00EB8C38 /* Assets.xcassets in Resources */ = {isa = PBXBuildFile; fileRef = B22482072B94F05B00EB8C38 /* Assets.xcassets */; };
		B224820B2B94F05B00EB8C38 /* Preview Assets.xcassets in Resources */ = {isa = PBXBuildFile; fileRef = B224820A2B94F05B00EB8C38 /* Preview Assets.xcassets */; };
		B22482152B94F05C00EB8C38 /* WeatherAppTests.swift in Sources */ = {isa = PBXBuildFile; fileRef = B22482142B94F05C00EB8C38 /* WeatherAppTests.swift */; };
		B224821F2B94F05C00EB8C38 /* WeatherAppUITests.swift in Sources */ = {isa = PBXBuildFile; fileRef = B224821E2B94F05C00EB8C38 /* WeatherAppUITests.swift */; };
		B22482212B94F05C00EB8C38 /* WeatherAppUITestsLaunchTests.swift in Sources */ = {isa = PBXBuildFile; fileRef = B22482202B94F05C00EB8C38 /* WeatherAppUITestsLaunchTests.swift */; };
		B22482312B958AE300EB8C38 /* DayForecast.swift in Sources */ = {isa = PBXBuildFile; fileRef = B22482302B958AE300EB8C38 /* DayForecast.swift */; };
		B22482332B958B3F00EB8C38 /* HourlyScrollView.swift in Sources */ = {isa = PBXBuildFile; fileRef = B22482322B958B3F00EB8C38 /* HourlyScrollView.swift */; };
		B22482372B9596D800EB8C38 /* WeatherSummaryView.swift in Sources */ = {isa = PBXBuildFile; fileRef = B22482362B9596D800EB8C38 /* WeatherSummaryView.swift */; };
		B22D09942B9990B400E0AE33 /* FeelLikeView.swift in Sources */ = {isa = PBXBuildFile; fileRef = B22D09932B9990B400E0AE33 /* FeelLikeView.swift */; };
		B22D09962B99928000E0AE33 /* VisibilityView.swift in Sources */ = {isa = PBXBuildFile; fileRef = B22D09952B99928000E0AE33 /* VisibilityView.swift */; };
		B22D09982B9993EA00E0AE33 /* HumidityView.swift in Sources */ = {isa = PBXBuildFile; fileRef = B22D09972B9993EA00E0AE33 /* HumidityView.swift */; };
		B24AE1A92BA41E58003737F6 /* ClearButton.swift in Sources */ = {isa = PBXBuildFile; fileRef = B24AE1A82BA41E58003737F6 /* ClearButton.swift */; };
		B24AE1AB2BA41E78003737F6 /* AddressRow.swift in Sources */ = {isa = PBXBuildFile; fileRef = B24AE1AA2BA41E78003737F6 /* AddressRow.swift */; };
		B250E20F2B969663009D58A6 /* NetworkManager.swift in Sources */ = {isa = PBXBuildFile; fileRef = B250E20E2B969663009D58A6 /* NetworkManager.swift */; };
		B250E2112B9697BB009D58A6 /* WeatherViewModel.swift in Sources */ = {isa = PBXBuildFile; fileRef = B250E2102B9697BB009D58A6 /* WeatherViewModel.swift */; };
		B250E2142B96989C009D58A6 /* Weather.swift in Sources */ = {isa = PBXBuildFile; fileRef = B250E2132B96989C009D58A6 /* Weather.swift */; };
		B250E2162B969C21009D58A6 /* DaysWeather.swift in Sources */ = {isa = PBXBuildFile; fileRef = B250E2152B969C21009D58A6 /* DaysWeather.swift */; };
		B250E2182B969D72009D58A6 /* HoursWeather.swift in Sources */ = {isa = PBXBuildFile; fileRef = B250E2172B969D72009D58A6 /* HoursWeather.swift */; };
		B250E21B2B96A20F009D58A6 /* WTError.swift in Sources */ = {isa = PBXBuildFile; fileRef = B250E21A2B96A20F009D58A6 /* WTError.swift */; };
		B250E21D2B96E134009D58A6 /* Alert.swift in Sources */ = {isa = PBXBuildFile; fileRef = B250E21C2B96E134009D58A6 /* Alert.swift */; };
		B250E21F2B96E5B4009D58A6 /* CurrentConditions.swift in Sources */ = {isa = PBXBuildFile; fileRef = B250E21E2B96E5B4009D58A6 /* CurrentConditions.swift */; };
		B277045E2B9D712900787B41 /* CityListView.swift in Sources */ = {isa = PBXBuildFile; fileRef = B277045D2B9D712900787B41 /* CityListView.swift */; };
		B27704602B9D76D200787B41 /* CityListViewModel.swift in Sources */ = {isa = PBXBuildFile; fileRef = B277045F2B9D76D200787B41 /* CityListViewModel.swift */; };
		B27704622B9D791D00787B41 /* AddressResult.swift in Sources */ = {isa = PBXBuildFile; fileRef = B27704612B9D791D00787B41 /* AddressResult.swift */; };
		B27704642B9D86B900787B41 /* LocationHelper.swift in Sources */ = {isa = PBXBuildFile; fileRef = B27704632B9D86B900787B41 /* LocationHelper.swift */; };
		B28A9BBD2B9946C000A7EED6 /* UVIndexView.swift in Sources */ = {isa = PBXBuildFile; fileRef = B28A9BBC2B9946C000A7EED6 /* UVIndexView.swift */; };
		B2F175AC2B9E4CDB0071E1AB /* MainTabView.swift in Sources */ = {isa = PBXBuildFile; fileRef = B2F175AB2B9E4CDB0071E1AB /* MainTabView.swift */; };
		B2F175AF2B9EABEE0071E1AB /* WeatherMapView.swift in Sources */ = {isa = PBXBuildFile; fileRef = B2F175AE2B9EABEE0071E1AB /* WeatherMapView.swift */; };
		B2F175B72B9EB61D0071E1AB /* LocationSearchService.swift in Sources */ = {isa = PBXBuildFile; fileRef = B2F175B62B9EB61D0071E1AB /* LocationSearchService.swift */; };
/* End PBXBuildFile section */

/* Begin PBXContainerItemProxy section */
		B22482112B94F05C00EB8C38 /* PBXContainerItemProxy */ = {
			isa = PBXContainerItemProxy;
			containerPortal = B22481F82B94F05900EB8C38 /* Project object */;
			proxyType = 1;
			remoteGlobalIDString = B22481FF2B94F05900EB8C38;
			remoteInfo = WeatherApp;
		};
		B224821B2B94F05C00EB8C38 /* PBXContainerItemProxy */ = {
			isa = PBXContainerItemProxy;
			containerPortal = B22481F82B94F05900EB8C38 /* Project object */;
			proxyType = 1;
			remoteGlobalIDString = B22481FF2B94F05900EB8C38;
			remoteInfo = WeatherApp;
		};
/* End PBXContainerItemProxy section */

/* Begin PBXFileReference section */
		B22482002B94F05900EB8C38 /* WeatherApp.app */ = {isa = PBXFileReference; explicitFileType = wrapper.application; includeInIndex = 0; path = WeatherApp.app; sourceTree = BUILT_PRODUCTS_DIR; };
		B22482032B94F05900EB8C38 /* WeatherApp.swift */ = {isa = PBXFileReference; lastKnownFileType = sourcecode.swift; path = WeatherApp.swift; sourceTree = "<group>"; };
		B22482052B94F05900EB8C38 /* WeatherView.swift */ = {isa = PBXFileReference; lastKnownFileType = sourcecode.swift; path = WeatherView.swift; sourceTree = "<group>"; };
		B22482072B94F05B00EB8C38 /* Assets.xcassets */ = {isa = PBXFileReference; lastKnownFileType = folder.assetcatalog; path = Assets.xcassets; sourceTree = "<group>"; };
		B224820A2B94F05B00EB8C38 /* Preview Assets.xcassets */ = {isa = PBXFileReference; lastKnownFileType = folder.assetcatalog; path = "Preview Assets.xcassets"; sourceTree = "<group>"; };
		B22482102B94F05C00EB8C38 /* WeatherAppTests.xctest */ = {isa = PBXFileReference; explicitFileType = wrapper.cfbundle; includeInIndex = 0; path = WeatherAppTests.xctest; sourceTree = BUILT_PRODUCTS_DIR; };
		B22482142B94F05C00EB8C38 /* WeatherAppTests.swift */ = {isa = PBXFileReference; lastKnownFileType = sourcecode.swift; path = WeatherAppTests.swift; sourceTree = "<group>"; };
		B224821A2B94F05C00EB8C38 /* WeatherAppUITests.xctest */ = {isa = PBXFileReference; explicitFileType = wrapper.cfbundle; includeInIndex = 0; path = WeatherAppUITests.xctest; sourceTree = BUILT_PRODUCTS_DIR; };
		B224821E2B94F05C00EB8C38 /* WeatherAppUITests.swift */ = {isa = PBXFileReference; lastKnownFileType = sourcecode.swift; path = WeatherAppUITests.swift; sourceTree = "<group>"; };
		B22482202B94F05C00EB8C38 /* WeatherAppUITestsLaunchTests.swift */ = {isa = PBXFileReference; lastKnownFileType = sourcecode.swift; path = WeatherAppUITestsLaunchTests.swift; sourceTree = "<group>"; };
		B22482302B958AE300EB8C38 /* DayForecast.swift */ = {isa = PBXFileReference; lastKnownFileType = sourcecode.swift; path = DayForecast.swift; sourceTree = "<group>"; };
		B22482322B958B3F00EB8C38 /* HourlyScrollView.swift */ = {isa = PBXFileReference; lastKnownFileType = sourcecode.swift; path = HourlyScrollView.swift; sourceTree = "<group>"; };
		B22482362B9596D800EB8C38 /* WeatherSummaryView.swift */ = {isa = PBXFileReference; lastKnownFileType = sourcecode.swift; path = WeatherSummaryView.swift; sourceTree = "<group>"; };
		B22D09932B9990B400E0AE33 /* FeelLikeView.swift */ = {isa = PBXFileReference; lastKnownFileType = sourcecode.swift; path = FeelLikeView.swift; sourceTree = "<group>"; };
		B22D09952B99928000E0AE33 /* VisibilityView.swift */ = {isa = PBXFileReference; lastKnownFileType = sourcecode.swift; path = VisibilityView.swift; sourceTree = "<group>"; };
		B22D09972B9993EA00E0AE33 /* HumidityView.swift */ = {isa = PBXFileReference; lastKnownFileType = sourcecode.swift; path = HumidityView.swift; sourceTree = "<group>"; };
		B24AE1A82BA41E58003737F6 /* ClearButton.swift */ = {isa = PBXFileReference; lastKnownFileType = sourcecode.swift; path = ClearButton.swift; sourceTree = "<group>"; };
		B24AE1AA2BA41E78003737F6 /* AddressRow.swift */ = {isa = PBXFileReference; lastKnownFileType = sourcecode.swift; path = AddressRow.swift; sourceTree = "<group>"; };
		B250E20E2B969663009D58A6 /* NetworkManager.swift */ = {isa = PBXFileReference; lastKnownFileType = sourcecode.swift; path = NetworkManager.swift; sourceTree = "<group>"; };
		B250E2102B9697BB009D58A6 /* WeatherViewModel.swift */ = {isa = PBXFileReference; lastKnownFileType = sourcecode.swift; path = WeatherViewModel.swift; sourceTree = "<group>"; };
		B250E2132B96989C009D58A6 /* Weather.swift */ = {isa = PBXFileReference; lastKnownFileType = sourcecode.swift; path = Weather.swift; sourceTree = "<group>"; };
		B250E2152B969C21009D58A6 /* DaysWeather.swift */ = {isa = PBXFileReference; lastKnownFileType = sourcecode.swift; path = DaysWeather.swift; sourceTree = "<group>"; };
		B250E2172B969D72009D58A6 /* HoursWeather.swift */ = {isa = PBXFileReference; lastKnownFileType = sourcecode.swift; path = HoursWeather.swift; sourceTree = "<group>"; };
		B250E21A2B96A20F009D58A6 /* WTError.swift */ = {isa = PBXFileReference; lastKnownFileType = sourcecode.swift; path = WTError.swift; sourceTree = "<group>"; };
		B250E21C2B96E134009D58A6 /* Alert.swift */ = {isa = PBXFileReference; lastKnownFileType = sourcecode.swift; path = Alert.swift; sourceTree = "<group>"; };
		B250E21E2B96E5B4009D58A6 /* CurrentConditions.swift */ = {isa = PBXFileReference; lastKnownFileType = sourcecode.swift; path = CurrentConditions.swift; sourceTree = "<group>"; };
		B277045D2B9D712900787B41 /* CityListView.swift */ = {isa = PBXFileReference; lastKnownFileType = sourcecode.swift; path = CityListView.swift; sourceTree = "<group>"; };
		B277045F2B9D76D200787B41 /* CityListViewModel.swift */ = {isa = PBXFileReference; lastKnownFileType = sourcecode.swift; path = CityListViewModel.swift; sourceTree = "<group>"; };
		B27704612B9D791D00787B41 /* AddressResult.swift */ = {isa = PBXFileReference; lastKnownFileType = sourcecode.swift; path = AddressResult.swift; sourceTree = "<group>"; };
		B27704632B9D86B900787B41 /* LocationHelper.swift */ = {isa = PBXFileReference; lastKnownFileType = sourcecode.swift; path = LocationHelper.swift; sourceTree = "<group>"; };
		B28A9BBC2B9946C000A7EED6 /* UVIndexView.swift */ = {isa = PBXFileReference; lastKnownFileType = sourcecode.swift; path = UVIndexView.swift; sourceTree = "<group>"; };
		B2F175AB2B9E4CDB0071E1AB /* MainTabView.swift */ = {isa = PBXFileReference; lastKnownFileType = sourcecode.swift; path = MainTabView.swift; sourceTree = "<group>"; };
		B2F175AE2B9EABEE0071E1AB /* WeatherMapView.swift */ = {isa = PBXFileReference; lastKnownFileType = sourcecode.swift; path = WeatherMapView.swift; sourceTree = "<group>"; };
		B2F175B62B9EB61D0071E1AB /* LocationSearchService.swift */ = {isa = PBXFileReference; lastKnownFileType = sourcecode.swift; path = LocationSearchService.swift; sourceTree = "<group>"; };
/* End PBXFileReference section */

/* Begin PBXFrameworksBuildPhase section */
		B22481FD2B94F05900EB8C38 /* Frameworks */ = {
			isa = PBXFrameworksBuildPhase;
			buildActionMask = 2147483647;
			files = (
			);
			runOnlyForDeploymentPostprocessing = 0;
		};
		B224820D2B94F05C00EB8C38 /* Frameworks */ = {
			isa = PBXFrameworksBuildPhase;
			buildActionMask = 2147483647;
			files = (
			);
			runOnlyForDeploymentPostprocessing = 0;
		};
		B22482172B94F05C00EB8C38 /* Frameworks */ = {
			isa = PBXFrameworksBuildPhase;
			buildActionMask = 2147483647;
			files = (
			);
			runOnlyForDeploymentPostprocessing = 0;
		};
/* End PBXFrameworksBuildPhase section */

/* Begin PBXGroup section */
		B22481F72B94F05900EB8C38 = {
			isa = PBXGroup;
			children = (
				B22482022B94F05900EB8C38 /* WeatherApp */,
				B22482132B94F05C00EB8C38 /* WeatherAppTests */,
				B224821D2B94F05C00EB8C38 /* WeatherAppUITests */,
				B22482012B94F05900EB8C38 /* Products */,
			);
			sourceTree = "<group>";
		};
		B22482012B94F05900EB8C38 /* Products */ = {
			isa = PBXGroup;
			children = (
				B22482002B94F05900EB8C38 /* WeatherApp.app */,
				B22482102B94F05C00EB8C38 /* WeatherAppTests.xctest */,
				B224821A2B94F05C00EB8C38 /* WeatherAppUITests.xctest */,
			);
			name = Products;
			sourceTree = "<group>";
		};
		B22482022B94F05900EB8C38 /* WeatherApp */ = {
			isa = PBXGroup;
			children = (
				B250E2122B96988D009D58A6 /* Model */,
				B250E20C2B96963C009D58A6 /* Utilities */,
				B224822E2B958A7000EB8C38 /* Views */,
				B224822D2B958A6100EB8C38 /* Screens */,
				B22482032B94F05900EB8C38 /* WeatherApp.swift */,
				B22482072B94F05B00EB8C38 /* Assets.xcassets */,
				B22482092B94F05B00EB8C38 /* Preview Content */,
			);
			path = WeatherApp;
			sourceTree = "<group>";
		};
		B22482092B94F05B00EB8C38 /* Preview Content */ = {
			isa = PBXGroup;
			children = (
				B224820A2B94F05B00EB8C38 /* Preview Assets.xcassets */,
			);
			path = "Preview Content";
			sourceTree = "<group>";
		};
		B22482132B94F05C00EB8C38 /* WeatherAppTests */ = {
			isa = PBXGroup;
			children = (
				B22482142B94F05C00EB8C38 /* WeatherAppTests.swift */,
			);
			path = WeatherAppTests;
			sourceTree = "<group>";
		};
		B224821D2B94F05C00EB8C38 /* WeatherAppUITests */ = {
			isa = PBXGroup;
			children = (
				B224821E2B94F05C00EB8C38 /* WeatherAppUITests.swift */,
				B22482202B94F05C00EB8C38 /* WeatherAppUITestsLaunchTests.swift */,
			);
			path = WeatherAppUITests;
			sourceTree = "<group>";
		};
		B224822D2B958A6100EB8C38 /* Screens */ = {
			isa = PBXGroup;
			children = (
				B2F175AB2B9E4CDB0071E1AB /* MainTabView.swift */,
				B2F175AD2B9EABBD0071E1AB /* MapView */,
				B2FAC50D2B9A809B00FB4B8F /* WeatherViews */,
				B2FAC50E2B9A80AE00FB4B8F /* CityListViews */,
			);
			path = Screens;
			sourceTree = "<group>";
		};
		B224822E2B958A7000EB8C38 /* Views */ = {
			isa = PBXGroup;
			children = (
				B24AE1A72BA41E42003737F6 /* Button */,
				B224822F2B958AC800EB8C38 /* View */,
			);
			path = Views;
			sourceTree = "<group>";
		};
		B224822F2B958AC800EB8C38 /* View */ = {
			isa = PBXGroup;
			children = (
				B22482302B958AE300EB8C38 /* DayForecast.swift */,
				B22482322B958B3F00EB8C38 /* HourlyScrollView.swift */,
				B22482362B9596D800EB8C38 /* WeatherSummaryView.swift */,
				B28A9BBC2B9946C000A7EED6 /* UVIndexView.swift */,
				B22D09932B9990B400E0AE33 /* FeelLikeView.swift */,
				B22D09952B99928000E0AE33 /* VisibilityView.swift */,
				B22D09972B9993EA00E0AE33 /* HumidityView.swift */,
				B24AE1AA2BA41E78003737F6 /* AddressRow.swift */,
			);
			path = View;
			sourceTree = "<group>";
		};
		B24AE1A72BA41E42003737F6 /* Button */ = {
			isa = PBXGroup;
			children = (
				B24AE1A82BA41E58003737F6 /* ClearButton.swift */,
			);
			path = Button;
			sourceTree = "<group>";
		};
		B250E20C2B96963C009D58A6 /* Utilities */ = {
			isa = PBXGroup;
			children = (
				B2F175B52B9EB60E0071E1AB /* Services */,
				B250E2192B96A1F8009D58A6 /* Alerts */,
				B250E20D2B96964E009D58A6 /* Managers */,
			);
			path = Utilities;
			sourceTree = "<group>";
		};
		B250E20D2B96964E009D58A6 /* Managers */ = {
			isa = PBXGroup;
			children = (
				B250E20E2B969663009D58A6 /* NetworkManager.swift */,
				B27704632B9D86B900787B41 /* LocationHelper.swift */,
			);
			path = Managers;
			sourceTree = "<group>";
		};
		B250E2122B96988D009D58A6 /* Model */ = {
			isa = PBXGroup;
			children = (
				B250E2132B96989C009D58A6 /* Weather.swift */,
				B250E2152B969C21009D58A6 /* DaysWeather.swift */,
				B250E2172B969D72009D58A6 /* HoursWeather.swift */,
				B250E21E2B96E5B4009D58A6 /* CurrentConditions.swift */,
				B27704612B9D791D00787B41 /* AddressResult.swift */,
			);
			path = Model;
			sourceTree = "<group>";
		};
		B250E2192B96A1F8009D58A6 /* Alerts */ = {
			isa = PBXGroup;
			children = (
				B250E21A2B96A20F009D58A6 /* WTError.swift */,
				B250E21C2B96E134009D58A6 /* Alert.swift */,
			);
			path = Alerts;
			sourceTree = "<group>";
		};
		B2F175AD2B9EABBD0071E1AB /* MapView */ = {
			isa = PBXGroup;
			children = (
				B2F175AE2B9EABEE0071E1AB /* WeatherMapView.swift */,
			);
			path = MapView;
			sourceTree = "<group>";
		};
		B2F175B52B9EB60E0071E1AB /* Services */ = {
			isa = PBXGroup;
			children = (
				B2F175B62B9EB61D0071E1AB /* LocationSearchService.swift */,
			);
			path = Services;
			sourceTree = "<group>";
		};
		B2FAC50D2B9A809B00FB4B8F /* WeatherViews */ = {
			isa = PBXGroup;
			children = (
				B22482052B94F05900EB8C38 /* WeatherView.swift */,
				B250E2102B9697BB009D58A6 /* WeatherViewModel.swift */,
			);
			path = WeatherViews;
			sourceTree = "<group>";
		};
		B2FAC50E2B9A80AE00FB4B8F /* CityListViews */ = {
			isa = PBXGroup;
			children = (
				B277045D2B9D712900787B41 /* CityListView.swift */,
				B277045F2B9D76D200787B41 /* CityListViewModel.swift */,
			);
			path = CityListViews;
			sourceTree = "<group>";
		};
/* End PBXGroup section */

/* Begin PBXNativeTarget section */
		B22481FF2B94F05900EB8C38 /* WeatherApp */ = {
			isa = PBXNativeTarget;
			buildConfigurationList = B22482242B94F05C00EB8C38 /* Build configuration list for PBXNativeTarget "WeatherApp" */;
			buildPhases = (
				B22481FC2B94F05900EB8C38 /* Sources */,
				B22481FD2B94F05900EB8C38 /* Frameworks */,
				B22481FE2B94F05900EB8C38 /* Resources */,
			);
			buildRules = (
			);
			dependencies = (
			);
			name = WeatherApp;
			productName = WeatherApp;
			productReference = B22482002B94F05900EB8C38 /* WeatherApp.app */;
			productType = "com.apple.product-type.application";
		};
		B224820F2B94F05C00EB8C38 /* WeatherAppTests */ = {
			isa = PBXNativeTarget;
			buildConfigurationList = B22482272B94F05C00EB8C38 /* Build configuration list for PBXNativeTarget "WeatherAppTests" */;
			buildPhases = (
				B224820C2B94F05C00EB8C38 /* Sources */,
				B224820D2B94F05C00EB8C38 /* Frameworks */,
				B224820E2B94F05C00EB8C38 /* Resources */,
			);
			buildRules = (
			);
			dependencies = (
				B22482122B94F05C00EB8C38 /* PBXTargetDependency */,
			);
			name = WeatherAppTests;
			productName = WeatherAppTests;
			productReference = B22482102B94F05C00EB8C38 /* WeatherAppTests.xctest */;
			productType = "com.apple.product-type.bundle.unit-test";
		};
		B22482192B94F05C00EB8C38 /* WeatherAppUITests */ = {
			isa = PBXNativeTarget;
			buildConfigurationList = B224822A2B94F05C00EB8C38 /* Build configuration list for PBXNativeTarget "WeatherAppUITests" */;
			buildPhases = (
				B22482162B94F05C00EB8C38 /* Sources */,
				B22482172B94F05C00EB8C38 /* Frameworks */,
				B22482182B94F05C00EB8C38 /* Resources */,
			);
			buildRules = (
			);
			dependencies = (
				B224821C2B94F05C00EB8C38 /* PBXTargetDependency */,
			);
			name = WeatherAppUITests;
			productName = WeatherAppUITests;
			productReference = B224821A2B94F05C00EB8C38 /* WeatherAppUITests.xctest */;
			productType = "com.apple.product-type.bundle.ui-testing";
		};
/* End PBXNativeTarget section */

/* Begin PBXProject section */
		B22481F82B94F05900EB8C38 /* Project object */ = {
			isa = PBXProject;
			attributes = {
				BuildIndependentTargetsInParallel = 1;
				LastSwiftUpdateCheck = 1520;
				LastUpgradeCheck = 1520;
				TargetAttributes = {
					B22481FF2B94F05900EB8C38 = {
						CreatedOnToolsVersion = 15.2;
					};
					B224820F2B94F05C00EB8C38 = {
						CreatedOnToolsVersion = 15.2;
						TestTargetID = B22481FF2B94F05900EB8C38;
					};
					B22482192B94F05C00EB8C38 = {
						CreatedOnToolsVersion = 15.2;
						TestTargetID = B22481FF2B94F05900EB8C38;
					};
				};
			};
			buildConfigurationList = B22481FB2B94F05900EB8C38 /* Build configuration list for PBXProject "WeatherApp" */;
			compatibilityVersion = "Xcode 14.0";
			developmentRegion = en;
			hasScannedForEncodings = 0;
			knownRegions = (
				en,
				Base,
			);
			mainGroup = B22481F72B94F05900EB8C38;
			productRefGroup = B22482012B94F05900EB8C38 /* Products */;
			projectDirPath = "";
			projectRoot = "";
			targets = (
				B22481FF2B94F05900EB8C38 /* WeatherApp */,
				B224820F2B94F05C00EB8C38 /* WeatherAppTests */,
				B22482192B94F05C00EB8C38 /* WeatherAppUITests */,
			);
		};
/* End PBXProject section */

/* Begin PBXResourcesBuildPhase section */
		B22481FE2B94F05900EB8C38 /* Resources */ = {
			isa = PBXResourcesBuildPhase;
			buildActionMask = 2147483647;
			files = (
				B224820B2B94F05B00EB8C38 /* Preview Assets.xcassets in Resources */,
				B22482082B94F05B00EB8C38 /* Assets.xcassets in Resources */,
			);
			runOnlyForDeploymentPostprocessing = 0;
		};
		B224820E2B94F05C00EB8C38 /* Resources */ = {
			isa = PBXResourcesBuildPhase;
			buildActionMask = 2147483647;
			files = (
			);
			runOnlyForDeploymentPostprocessing = 0;
		};
		B22482182B94F05C00EB8C38 /* Resources */ = {
			isa = PBXResourcesBuildPhase;
			buildActionMask = 2147483647;
			files = (
			);
			runOnlyForDeploymentPostprocessing = 0;
		};
/* End PBXResourcesBuildPhase section */

/* Begin PBXSourcesBuildPhase section */
		B22481FC2B94F05900EB8C38 /* Sources */ = {
			isa = PBXSourcesBuildPhase;
			buildActionMask = 2147483647;
			files = (
				B2F175AF2B9EABEE0071E1AB /* WeatherMapView.swift in Sources */,
				B22D09942B9990B400E0AE33 /* FeelLikeView.swift in Sources */,
				B22482062B94F05900EB8C38 /* WeatherView.swift in Sources */,
				B22D09962B99928000E0AE33 /* VisibilityView.swift in Sources */,
				B27704602B9D76D200787B41 /* CityListViewModel.swift in Sources */,
				B22D09982B9993EA00E0AE33 /* HumidityView.swift in Sources */,
				B22482042B94F05900EB8C38 /* WeatherApp.swift in Sources */,
				B27704622B9D791D00787B41 /* AddressResult.swift in Sources */,
				B22482332B958B3F00EB8C38 /* HourlyScrollView.swift in Sources */,
				B24AE1A92BA41E58003737F6 /* ClearButton.swift in Sources */,
				B250E20F2B969663009D58A6 /* NetworkManager.swift in Sources */,
				B250E2142B96989C009D58A6 /* Weather.swift in Sources */,
				B250E21D2B96E134009D58A6 /* Alert.swift in Sources */,
				B250E2162B969C21009D58A6 /* DaysWeather.swift in Sources */,
				B250E2182B969D72009D58A6 /* HoursWeather.swift in Sources */,
				B250E2112B9697BB009D58A6 /* WeatherViewModel.swift in Sources */,
				B250E21B2B96A20F009D58A6 /* WTError.swift in Sources */,
				B22482372B9596D800EB8C38 /* WeatherSummaryView.swift in Sources */,
				B22482312B958AE300EB8C38 /* DayForecast.swift in Sources */,
				B27704642B9D86B900787B41 /* LocationHelper.swift in Sources */,
				B277045E2B9D712900787B41 /* CityListView.swift in Sources */,
				B2F175B72B9EB61D0071E1AB /* LocationSearchService.swift in Sources */,
				B24AE1AB2BA41E78003737F6 /* AddressRow.swift in Sources */,
				B2F175AC2B9E4CDB0071E1AB /* MainTabView.swift in Sources */,
				B28A9BBD2B9946C000A7EED6 /* UVIndexView.swift in Sources */,
				B250E21F2B96E5B4009D58A6 /* CurrentConditions.swift in Sources */,
			);
			runOnlyForDeploymentPostprocessing = 0;
		};
		B224820C2B94F05C00EB8C38 /* Sources */ = {
			isa = PBXSourcesBuildPhase;
			buildActionMask = 2147483647;
			files = (
				B22482152B94F05C00EB8C38 /* WeatherAppTests.swift in Sources */,
			);
			runOnlyForDeploymentPostprocessing = 0;
		};
		B22482162B94F05C00EB8C38 /* Sources */ = {
			isa = PBXSourcesBuildPhase;
			buildActionMask = 2147483647;
			files = (
				B224821F2B94F05C00EB8C38 /* WeatherAppUITests.swift in Sources */,
				B22482212B94F05C00EB8C38 /* WeatherAppUITestsLaunchTests.swift in Sources */,
			);
			runOnlyForDeploymentPostprocessing = 0;
		};
/* End PBXSourcesBuildPhase section */

/* Begin PBXTargetDependency section */
		B22482122B94F05C00EB8C38 /* PBXTargetDependency */ = {
			isa = PBXTargetDependency;
			target = B22481FF2B94F05900EB8C38 /* WeatherApp */;
			targetProxy = B22482112B94F05C00EB8C38 /* PBXContainerItemProxy */;
		};
		B224821C2B94F05C00EB8C38 /* PBXTargetDependency */ = {
			isa = PBXTargetDependency;
			target = B22481FF2B94F05900EB8C38 /* WeatherApp */;
			targetProxy = B224821B2B94F05C00EB8C38 /* PBXContainerItemProxy */;
		};
/* End PBXTargetDependency section */

/* Begin XCBuildConfiguration section */
		B22482222B94F05C00EB8C38 /* Debug */ = {
			isa = XCBuildConfiguration;
			buildSettings = {
				ALWAYS_SEARCH_USER_PATHS = NO;
				ASSETCATALOG_COMPILER_GENERATE_SWIFT_ASSET_SYMBOL_EXTENSIONS = YES;
				CLANG_ANALYZER_NONNULL = YES;
				CLANG_ANALYZER_NUMBER_OBJECT_CONVERSION = YES_AGGRESSIVE;
				CLANG_CXX_LANGUAGE_STANDARD = "gnu++20";
				CLANG_ENABLE_MODULES = YES;
				CLANG_ENABLE_OBJC_ARC = YES;
				CLANG_ENABLE_OBJC_WEAK = YES;
				CLANG_WARN_BLOCK_CAPTURE_AUTORELEASING = YES;
				CLANG_WARN_BOOL_CONVERSION = YES;
				CLANG_WARN_COMMA = YES;
				CLANG_WARN_CONSTANT_CONVERSION = YES;
				CLANG_WARN_DEPRECATED_OBJC_IMPLEMENTATIONS = YES;
				CLANG_WARN_DIRECT_OBJC_ISA_USAGE = YES_ERROR;
				CLANG_WARN_DOCUMENTATION_COMMENTS = YES;
				CLANG_WARN_EMPTY_BODY = YES;
				CLANG_WARN_ENUM_CONVERSION = YES;
				CLANG_WARN_INFINITE_RECURSION = YES;
				CLANG_WARN_INT_CONVERSION = YES;
				CLANG_WARN_NON_LITERAL_NULL_CONVERSION = YES;
				CLANG_WARN_OBJC_IMPLICIT_RETAIN_SELF = YES;
				CLANG_WARN_OBJC_LITERAL_CONVERSION = YES;
				CLANG_WARN_OBJC_ROOT_CLASS = YES_ERROR;
				CLANG_WARN_QUOTED_INCLUDE_IN_FRAMEWORK_HEADER = YES;
				CLANG_WARN_RANGE_LOOP_ANALYSIS = YES;
				CLANG_WARN_STRICT_PROTOTYPES = YES;
				CLANG_WARN_SUSPICIOUS_MOVE = YES;
				CLANG_WARN_UNGUARDED_AVAILABILITY = YES_AGGRESSIVE;
				CLANG_WARN_UNREACHABLE_CODE = YES;
				CLANG_WARN__DUPLICATE_METHOD_MATCH = YES;
				COPY_PHASE_STRIP = NO;
				DEBUG_INFORMATION_FORMAT = dwarf;
				ENABLE_STRICT_OBJC_MSGSEND = YES;
				ENABLE_TESTABILITY = YES;
				ENABLE_USER_SCRIPT_SANDBOXING = YES;
				GCC_C_LANGUAGE_STANDARD = gnu17;
				GCC_DYNAMIC_NO_PIC = NO;
				GCC_NO_COMMON_BLOCKS = YES;
				GCC_OPTIMIZATION_LEVEL = 0;
				GCC_PREPROCESSOR_DEFINITIONS = (
					"DEBUG=1",
					"$(inherited)",
				);
				GCC_WARN_64_TO_32_BIT_CONVERSION = YES;
				GCC_WARN_ABOUT_RETURN_TYPE = YES_ERROR;
				GCC_WARN_UNDECLARED_SELECTOR = YES;
				GCC_WARN_UNINITIALIZED_AUTOS = YES_AGGRESSIVE;
				GCC_WARN_UNUSED_FUNCTION = YES;
				GCC_WARN_UNUSED_VARIABLE = YES;
				IPHONEOS_DEPLOYMENT_TARGET = 17.0;
				LOCALIZATION_PREFERS_STRING_CATALOGS = YES;
				MTL_ENABLE_DEBUG_INFO = INCLUDE_SOURCE;
				MTL_FAST_MATH = YES;
				ONLY_ACTIVE_ARCH = YES;
				SDKROOT = iphoneos;
				SWIFT_ACTIVE_COMPILATION_CONDITIONS = "DEBUG $(inherited)";
				SWIFT_OPTIMIZATION_LEVEL = "-Onone";
			};
			name = Debug;
		};
		B22482232B94F05C00EB8C38 /* Release */ = {
			isa = XCBuildConfiguration;
			buildSettings = {
				ALWAYS_SEARCH_USER_PATHS = NO;
				ASSETCATALOG_COMPILER_GENERATE_SWIFT_ASSET_SYMBOL_EXTENSIONS = YES;
				CLANG_ANALYZER_NONNULL = YES;
				CLANG_ANALYZER_NUMBER_OBJECT_CONVERSION = YES_AGGRESSIVE;
				CLANG_CXX_LANGUAGE_STANDARD = "gnu++20";
				CLANG_ENABLE_MODULES = YES;
				CLANG_ENABLE_OBJC_ARC = YES;
				CLANG_ENABLE_OBJC_WEAK = YES;
				CLANG_WARN_BLOCK_CAPTURE_AUTORELEASING = YES;
				CLANG_WARN_BOOL_CONVERSION = YES;
				CLANG_WARN_COMMA = YES;
				CLANG_WARN_CONSTANT_CONVERSION = YES;
				CLANG_WARN_DEPRECATED_OBJC_IMPLEMENTATIONS = YES;
				CLANG_WARN_DIRECT_OBJC_ISA_USAGE = YES_ERROR;
				CLANG_WARN_DOCUMENTATION_COMMENTS = YES;
				CLANG_WARN_EMPTY_BODY = YES;
				CLANG_WARN_ENUM_CONVERSION = YES;
				CLANG_WARN_INFINITE_RECURSION = YES;
				CLANG_WARN_INT_CONVERSION = YES;
				CLANG_WARN_NON_LITERAL_NULL_CONVERSION = YES;
				CLANG_WARN_OBJC_IMPLICIT_RETAIN_SELF = YES;
				CLANG_WARN_OBJC_LITERAL_CONVERSION = YES;
				CLANG_WARN_OBJC_ROOT_CLASS = YES_ERROR;
				CLANG_WARN_QUOTED_INCLUDE_IN_FRAMEWORK_HEADER = YES;
				CLANG_WARN_RANGE_LOOP_ANALYSIS = YES;
				CLANG_WARN_STRICT_PROTOTYPES = YES;
				CLANG_WARN_SUSPICIOUS_MOVE = YES;
				CLANG_WARN_UNGUARDED_AVAILABILITY = YES_AGGRESSIVE;
				CLANG_WARN_UNREACHABLE_CODE = YES;
				CLANG_WARN__DUPLICATE_METHOD_MATCH = YES;
				COPY_PHASE_STRIP = NO;
				DEBUG_INFORMATION_FORMAT = "dwarf-with-dsym";
				ENABLE_NS_ASSERTIONS = NO;
				ENABLE_STRICT_OBJC_MSGSEND = YES;
				ENABLE_USER_SCRIPT_SANDBOXING = YES;
				GCC_C_LANGUAGE_STANDARD = gnu17;
				GCC_NO_COMMON_BLOCKS = YES;
				GCC_WARN_64_TO_32_BIT_CONVERSION = YES;
				GCC_WARN_ABOUT_RETURN_TYPE = YES_ERROR;
				GCC_WARN_UNDECLARED_SELECTOR = YES;
				GCC_WARN_UNINITIALIZED_AUTOS = YES_AGGRESSIVE;
				GCC_WARN_UNUSED_FUNCTION = YES;
				GCC_WARN_UNUSED_VARIABLE = YES;
				IPHONEOS_DEPLOYMENT_TARGET = 17.0;
				LOCALIZATION_PREFERS_STRING_CATALOGS = YES;
				MTL_ENABLE_DEBUG_INFO = NO;
				MTL_FAST_MATH = YES;
				SDKROOT = iphoneos;
				SWIFT_COMPILATION_MODE = wholemodule;
				VALIDATE_PRODUCT = YES;
			};
			name = Release;
		};
		B22482252B94F05C00EB8C38 /* Debug */ = {
			isa = XCBuildConfiguration;
			buildSettings = {
				ASSETCATALOG_COMPILER_APPICON_NAME = AppIcon;
				ASSETCATALOG_COMPILER_GLOBAL_ACCENT_COLOR_NAME = AccentColor;
				CODE_SIGN_STYLE = Automatic;
				CURRENT_PROJECT_VERSION = 1;
				DEVELOPMENT_ASSET_PATHS = "\"WeatherApp/Preview Content\"";
				ENABLE_PREVIEWS = YES;
				GENERATE_INFOPLIST_FILE = YES;
				INFOPLIST_KEY_NSLocationAlwaysAndWhenInUseUsageDescription = Always;
				INFOPLIST_KEY_NSLocationWhenInUseUsageDescription = "When using";
				INFOPLIST_KEY_UIApplicationSceneManifest_Generation = YES;
				INFOPLIST_KEY_UIApplicationSupportsIndirectInputEvents = YES;
				INFOPLIST_KEY_UILaunchScreen_Generation = YES;
				INFOPLIST_KEY_UISupportedInterfaceOrientations_iPad = "UIInterfaceOrientationPortrait UIInterfaceOrientationPortraitUpsideDown UIInterfaceOrientationLandscapeLeft UIInterfaceOrientationLandscapeRight";
				INFOPLIST_KEY_UISupportedInterfaceOrientations_iPhone = "UIInterfaceOrientationPortrait UIInterfaceOrientationLandscapeLeft UIInterfaceOrientationLandscapeRight";
				IPHONEOS_DEPLOYMENT_TARGET = 17.0;
				LD_RUNPATH_SEARCH_PATHS = (
					"$(inherited)",
					"@executable_path/Frameworks",
				);
				MARKETING_VERSION = 1.0;
				PRODUCT_BUNDLE_IDENTIFIER = Johnny.WeatherApp;
				PRODUCT_NAME = "$(TARGET_NAME)";
				SWIFT_EMIT_LOC_STRINGS = YES;
				SWIFT_VERSION = 5.0;
				TARGETED_DEVICE_FAMILY = "1,2";
			};
			name = Debug;
		};
		B22482262B94F05C00EB8C38 /* Release */ = {
			isa = XCBuildConfiguration;
			buildSettings = {
				ASSETCATALOG_COMPILER_APPICON_NAME = AppIcon;
				ASSETCATALOG_COMPILER_GLOBAL_ACCENT_COLOR_NAME = AccentColor;
				CODE_SIGN_STYLE = Automatic;
				CURRENT_PROJECT_VERSION = 1;
				DEVELOPMENT_ASSET_PATHS = "\"WeatherApp/Preview Content\"";
				ENABLE_PREVIEWS = YES;
				GENERATE_INFOPLIST_FILE = YES;
				INFOPLIST_KEY_NSLocationAlwaysAndWhenInUseUsageDescription = Always;
				INFOPLIST_KEY_NSLocationWhenInUseUsageDescription = "When using";
				INFOPLIST_KEY_UIApplicationSceneManifest_Generation = YES;
				INFOPLIST_KEY_UIApplicationSupportsIndirectInputEvents = YES;
				INFOPLIST_KEY_UILaunchScreen_Generation = YES;
				INFOPLIST_KEY_UISupportedInterfaceOrientations_iPad = "UIInterfaceOrientationPortrait UIInterfaceOrientationPortraitUpsideDown UIInterfaceOrientationLandscapeLeft UIInterfaceOrientationLandscapeRight";
				INFOPLIST_KEY_UISupportedInterfaceOrientations_iPhone = "UIInterfaceOrientationPortrait UIInterfaceOrientationLandscapeLeft UIInterfaceOrientationLandscapeRight";
				IPHONEOS_DEPLOYMENT_TARGET = 17.0;
				LD_RUNPATH_SEARCH_PATHS = (
					"$(inherited)",
					"@executable_path/Frameworks",
				);
				MARKETING_VERSION = 1.0;
				PRODUCT_BUNDLE_IDENTIFIER = Johnny.WeatherApp;
				PRODUCT_NAME = "$(TARGET_NAME)";
				SWIFT_EMIT_LOC_STRINGS = YES;
				SWIFT_VERSION = 5.0;
				TARGETED_DEVICE_FAMILY = "1,2";
			};
			name = Release;
		};
		B22482282B94F05C00EB8C38 /* Debug */ = {
			isa = XCBuildConfiguration;
			buildSettings = {
				ALWAYS_EMBED_SWIFT_STANDARD_LIBRARIES = YES;
				BUNDLE_LOADER = "$(TEST_HOST)";
				CODE_SIGN_STYLE = Automatic;
				CURRENT_PROJECT_VERSION = 1;
				GENERATE_INFOPLIST_FILE = YES;
				IPHONEOS_DEPLOYMENT_TARGET = 17.2;
				MARKETING_VERSION = 1.0;
				PRODUCT_BUNDLE_IDENTIFIER = Johnny.WeatherAppTests;
				PRODUCT_NAME = "$(TARGET_NAME)";
				SWIFT_EMIT_LOC_STRINGS = NO;
				SWIFT_VERSION = 5.0;
				TARGETED_DEVICE_FAMILY = "1,2";
				TEST_HOST = "$(BUILT_PRODUCTS_DIR)/WeatherApp.app/$(BUNDLE_EXECUTABLE_FOLDER_PATH)/WeatherApp";
			};
			name = Debug;
		};
		B22482292B94F05C00EB8C38 /* Release */ = {
			isa = XCBuildConfiguration;
			buildSettings = {
				ALWAYS_EMBED_SWIFT_STANDARD_LIBRARIES = YES;
				BUNDLE_LOADER = "$(TEST_HOST)";
				CODE_SIGN_STYLE = Automatic;
				CURRENT_PROJECT_VERSION = 1;
				GENERATE_INFOPLIST_FILE = YES;
				IPHONEOS_DEPLOYMENT_TARGET = 17.2;
				MARKETING_VERSION = 1.0;
				PRODUCT_BUNDLE_IDENTIFIER = Johnny.WeatherAppTests;
				PRODUCT_NAME = "$(TARGET_NAME)";
				SWIFT_EMIT_LOC_STRINGS = NO;
				SWIFT_VERSION = 5.0;
				TARGETED_DEVICE_FAMILY = "1,2";
				TEST_HOST = "$(BUILT_PRODUCTS_DIR)/WeatherApp.app/$(BUNDLE_EXECUTABLE_FOLDER_PATH)/WeatherApp";
			};
			name = Release;
		};
		B224822B2B94F05C00EB8C38 /* Debug */ = {
			isa = XCBuildConfiguration;
			buildSettings = {
				ALWAYS_EMBED_SWIFT_STANDARD_LIBRARIES = YES;
				CODE_SIGN_STYLE = Automatic;
				CURRENT_PROJECT_VERSION = 1;
				GENERATE_INFOPLIST_FILE = YES;
				MARKETING_VERSION = 1.0;
				PRODUCT_BUNDLE_IDENTIFIER = Johnny.WeatherAppUITests;
				PRODUCT_NAME = "$(TARGET_NAME)";
				SWIFT_EMIT_LOC_STRINGS = NO;
				SWIFT_VERSION = 5.0;
				TARGETED_DEVICE_FAMILY = "1,2";
				TEST_TARGET_NAME = WeatherApp;
			};
			name = Debug;
		};
		B224822C2B94F05C00EB8C38 /* Release */ = {
			isa = XCBuildConfiguration;
			buildSettings = {
				ALWAYS_EMBED_SWIFT_STANDARD_LIBRARIES = YES;
				CODE_SIGN_STYLE = Automatic;
				CURRENT_PROJECT_VERSION = 1;
				GENERATE_INFOPLIST_FILE = YES;
				MARKETING_VERSION = 1.0;
				PRODUCT_BUNDLE_IDENTIFIER = Johnny.WeatherAppUITests;
				PRODUCT_NAME = "$(TARGET_NAME)";
				SWIFT_EMIT_LOC_STRINGS = NO;
				SWIFT_VERSION = 5.0;
				TARGETED_DEVICE_FAMILY = "1,2";
				TEST_TARGET_NAME = WeatherApp;
			};
			name = Release;
		};
/* End XCBuildConfiguration section */

/* Begin XCConfigurationList section */
		B22481FB2B94F05900EB8C38 /* Build configuration list for PBXProject "WeatherApp" */ = {
			isa = XCConfigurationList;
			buildConfigurations = (
				B22482222B94F05C00EB8C38 /* Debug */,
				B22482232B94F05C00EB8C38 /* Release */,
			);
			defaultConfigurationIsVisible = 0;
			defaultConfigurationName = Release;
		};
		B22482242B94F05C00EB8C38 /* Build configuration list for PBXNativeTarget "WeatherApp" */ = {
			isa = XCConfigurationList;
			buildConfigurations = (
				B22482252B94F05C00EB8C38 /* Debug */,
				B22482262B94F05C00EB8C38 /* Release */,
			);
			defaultConfigurationIsVisible = 0;
			defaultConfigurationName = Release;
		};
		B22482272B94F05C00EB8C38 /* Build configuration list for PBXNativeTarget "WeatherAppTests" */ = {
			isa = XCConfigurationList;
			buildConfigurations = (
				B22482282B94F05C00EB8C38 /* Debug */,
				B22482292B94F05C00EB8C38 /* Release */,
			);
			defaultConfigurationIsVisible = 0;
			defaultConfigurationName = Release;
		};
		B224822A2B94F05C00EB8C38 /* Build configuration list for PBXNativeTarget "WeatherAppUITests" */ = {
			isa = XCConfigurationList;
			buildConfigurations = (
				B224822B2B94F05C00EB8C38 /* Debug */,
				B224822C2B94F05C00EB8C38 /* Release */,
			);
			defaultConfigurationIsVisible = 0;
			defaultConfigurationName = Release;
		};
/* End XCConfigurationList section */
	};
	rootObject = B22481F82B94F05900EB8C38 /* Project object */;
}
